
Microsoft Visual Studio Solution File, Format Version 12.00
# Visual Studio 15
VisualStudioVersion = 15.0.28307.1525
MinimumVisualStudioVersion = 10.0.40219.1
Project("{FAE04EC0-301F-11D3-BF4B-00C04F79EFBC}") = "Git test", "Git test\Git test.csproj", "{441A60CA-A247-4C52-BAD7-7C811BF69995}"
EndProject
Global
	GlobalSection(SolutionConfigurationPlatforms) = preSolution
		Debug|Any CPU = Debug|Any CPU
		Release|Any CPU = Release|Any CPU
	EndGlobalSection
	GlobalSection(ProjectConfigurationPlatforms) = postSolution
		{441A60CA-A247-4C52-BAD7-7C811BF69995}.Debug|Any CPU.ActiveCfg = Debug|Any CPU
		{441A60CA-A247-4C52-BAD7-7C811BF69995}.Debug|Any CPU.Build.0 = Debug|Any CPU
		{441A60CA-A247-4C52-BAD7-7C811BF69995}.Release|Any CPU.ActiveCfg = Release|Any CPU
		{441A60CA-A247-4C52-BAD7-7C811BF69995}.Release|Any CPU.Build.0 = Release|Any CPU
	EndGlobalSection
	GlobalSection(SolutionProperties) = preSolution
		HideSolutionNode = FALSE
	EndGlobalSection
	GlobalSection(ExtensibilityGlobals) = postSolution
		SolutionGuid = {40D3EA27-E220-480C-A044-7B09A3A65D4E}
	EndGlobalSection
EndGlobal
